PODS:
  - CoreBitcoin (0.6.7):
    - ISO8601DateFormatter
    - OpenSSL-Universal (= 1.0.1.j-2)
  - ISO8601DateFormatter (0.7)
  - OpenSSL-Universal (1.0.1.j-2)
  - UIAlertController+Blocks (0.9)

DEPENDENCIES:
  - CoreBitcoin (from `https://raw.github.com/oleganza/CoreBitcoin/master/CoreBitcoin.podspec`)
  - UIAlertController+Blocks (~> 0.9)

EXTERNAL SOURCES:
  CoreBitcoin:
    :podspec: https://raw.github.com/oleganza/CoreBitcoin/master/CoreBitcoin.podspec

SPEC CHECKSUMS:
  CoreBitcoin: 1a69d6c51de466cc14fc1c7f136bd8c477661c18
  ISO8601DateFormatter: ab926648eebe497f4d167c0fd083992f959f1274
  OpenSSL-Universal: 438433f1eaa4f7fbc787445c2e520c522ef0f024
  UIAlertController+Blocks: b48c673ff60726da468b32ab21bbc7683512d45b

COCOAPODS: 0.38.2
