// !$*UTF8*$!
{
	archiveVersion = 1;
	classes = {
	};
	objectVersion = 46;
	objects = {

/* Begin PBXBuildFile section */
		B4A0F12291A6197B633F6616 /* libPods.a in Frameworks */ = {isa = PBXBuildFile; fileRef = F333307D63DB694ED60A7CC0 /* libPods.a */; };
		E901CAFB1BCA30DF001ACC70 /* main.m in Sources */ = {isa = PBXBuildFile; fileRef = E901CAFA1BCA30DF001ACC70 /* main.m */; };
		E901CAFE1BCA30DF001ACC70 /* AppDelegate.m in Sources */ = {isa = PBXBuildFile; fileRef = E901CAFD1BCA30DF001ACC70 /* AppDelegate.m */; };
		E901CB011BCA30DF001ACC70 /* ViewController.m in Sources */ = {isa = PBXBuildFile; fileRef = E901CB001BCA30DF001ACC70 /* ViewController.m */; };
		E901CB041BCA30DF001ACC70 /* Main.storyboard in Resources */ = {isa = PBXBuildFile; fileRef = E901CB021BCA30DF001ACC70 /* Main.storyboard */; };
		E901CB071BCA30DF001ACC70 /* bitcoinPaperWallet.xcdatamodeld in Sources */ = {isa = PBXBuildFile; fileRef = E901CB051BCA30DF001ACC70 /* bitcoinPaperWallet.xcdatamodeld */; };
		E901CB091BCA30DF001ACC70 /* Assets.xcassets in Resources */ = {isa = PBXBuildFile; fileRef = E901CB081BCA30DF001ACC70 /* Assets.xcassets */; };
		E901CB0C1BCA30DF001ACC70 /* LaunchScreen.storyboard in Resources */ = {isa = PBXBuildFile; fileRef = E901CB0A1BCA30DF001ACC70 /* LaunchScreen.storyboard */; };
		E901CB171BCA30E0001ACC70 /* bitcoinPaperWalletTests.m in Sources */ = {isa = PBXBuildFile; fileRef = E901CB161BCA30E0001ACC70 /* bitcoinPaperWalletTests.m */; };
		E901CB221BCA30E0001ACC70 /* bitcoinPaperWalletUITests.m in Sources */ = {isa = PBXBuildFile; fileRef = E901CB211BCA30E0001ACC70 /* bitcoinPaperWalletUITests.m */; };
		E901CB311BCA36A3001ACC70 /* UIImage+MDQRCode.m in Sources */ = {isa = PBXBuildFile; fileRef = E901CB301BCA36A3001ACC70 /* UIImage+MDQRCode.m */; settings = {ASSET_TAGS = (); }; };
		E901CB501BCA3D2D001ACC70 /* bitstream.c in Sources */ = {isa = PBXBuildFile; fileRef = E901CB491BCA3D2D001ACC70 /* bitstream.c */; };
		E901CB511BCA3D2D001ACC70 /* mask.c in Sources */ = {isa = PBXBuildFile; fileRef = E901CB4A1BCA3D2D001ACC70 /* mask.c */; };
		E901CB521BCA3D2D001ACC70 /* qrencode.c in Sources */ = {isa = PBXBuildFile; fileRef = E901CB4B1BCA3D2D001ACC70 /* qrencode.c */; };
		E901CB531BCA3D2D001ACC70 /* qrinput.c in Sources */ = {isa = PBXBuildFile; fileRef = E901CB4C1BCA3D2D001ACC70 /* qrinput.c */; };
		E901CB541BCA3D2D001ACC70 /* qrspec.c in Sources */ = {isa = PBXBuildFile; fileRef = E901CB4D1BCA3D2D001ACC70 /* qrspec.c */; };
		E901CB551BCA3D2D001ACC70 /* rscode.c in Sources */ = {isa = PBXBuildFile; fileRef = E901CB4E1BCA3D2D001ACC70 /* rscode.c */; };
		E901CB561BCA3D2D001ACC70 /* split.c in Sources */ = {isa = PBXBuildFile; fileRef = E901CB4F1BCA3D2D001ACC70 /* split.c */; };
/* End PBXBuildFile section */

/* Begin PBXContainerItemProxy section */
		E901CB131BCA30E0001ACC70 /* PBXContainerItemProxy */ = {
			isa = PBXContainerItemProxy;
			containerPortal = E901CAEE1BCA30DF001ACC70 /* Project object */;
			proxyType = 1;
			remoteGlobalIDString = E901CAF51BCA30DF001ACC70;
			remoteInfo = bitcoinPaperWallet;
		};
		E901CB1E1BCA30E0001ACC70 /* PBXContainerItemProxy */ = {
			isa = PBXContainerItemProxy;
			containerPortal = E901CAEE1BCA30DF001ACC70 /* Project object */;
			proxyType = 1;
			remoteGlobalIDString = E901CAF51BCA30DF001ACC70;
			remoteInfo = bitcoinPaperWallet;
		};
/* End PBXContainerItemProxy section */

/* Begin PBXFileReference section */
		A087B2CFC0AD8E0D9422FAAE /* Pods.release.xcconfig */ = {isa = PBXFileReference; includeInIndex = 1; lastKnownFileType = text.xcconfig; name = Pods.release.xcconfig; path = "Pods/Target Support Files/Pods/Pods.release.xcconfig"; sourceTree = "<group>"; };
		D50427E3B5B6A0AE52950832 /* Pods.debug.xcconfig */ = {isa = PBXFileReference; includeInIndex = 1; lastKnownFileType = text.xcconfig; name = Pods.debug.xcconfig; path = "Pods/Target Support Files/Pods/Pods.debug.xcconfig"; sourceTree = "<group>"; };
		E901CAF61BCA30DF001ACC70 /* bitcoinPaperWallet.app */ = {isa = PBXFileReference; explicitFileType = wrapper.application; includeInIndex = 0; path = bitcoinPaperWallet.app; sourceTree = BUILT_PRODUCTS_DIR; };
		E901CAFA1BCA30DF001ACC70 /* main.m */ = {isa = PBXFileReference; lastKnownFileType = sourcecode.c.objc; path = main.m; sourceTree = "<group>"; };
		E901CAFC1BCA30DF001ACC70 /* AppDelegate.h */ = {isa = PBXFileReference; lastKnownFileType = sourcecode.c.h; path = AppDelegate.h; sourceTree = "<group>"; };
		E901CAFD1BCA30DF001ACC70 /* AppDelegate.m */ = {isa = PBXFileReference; lastKnownFileType = sourcecode.c.objc; path = AppDelegate.m; sourceTree = "<group>"; };
		E901CAFF1BCA30DF001ACC70 /* ViewController.h */ = {isa = PBXFileReference; lastKnownFileType = sourcecode.c.h; path = ViewController.h; sourceTree = "<group>"; };
		E901CB001BCA30DF001ACC70 /* ViewController.m */ = {isa = PBXFileReference; lastKnownFileType = sourcecode.c.objc; path = ViewController.m; sourceTree = "<group>"; };
		E901CB031BCA30DF001ACC70 /* Base */ = {isa = PBXFileReference; lastKnownFileType = file.storyboard; name = Base; path = Base.lproj/Main.storyboard; sourceTree = "<group>"; };
		E901CB061BCA30DF001ACC70 /* bitcoinPaperWallet.xcdatamodel */ = {isa = PBXFileReference; lastKnownFileType = wrapper.xcdatamodel; path = bitcoinPaperWallet.xcdatamodel; sourceTree = "<group>"; };
		E901CB081BCA30DF001ACC70 /* Assets.xcassets */ = {isa = PBXFileReference; lastKnownFileType = folder.assetcatalog; path = Assets.xcassets; sourceTree = "<group>"; };
		E901CB0B1BCA30DF001ACC70 /* Base */ = {isa = PBXFileReference; lastKnownFileType = file.storyboard; name = Base; path = Base.lproj/LaunchScreen.storyboard; sourceTree = "<group>"; };
		E901CB0D1BCA30DF001ACC70 /* Info.plist */ = {isa = PBXFileReference; lastKnownFileType = text.plist.xml; path = Info.plist; sourceTree = "<group>"; };
		E901CB121BCA30E0001ACC70 /* bitcoinPaperWalletTests.xctest */ = {isa = PBXFileReference; explicitFileType = wrapper.cfbundle; includeInIndex = 0; path = bitcoinPaperWalletTests.xctest; sourceTree = BUILT_PRODUCTS_DIR; };
		E901CB161BCA30E0001ACC70 /* bitcoinPaperWalletTests.m */ = {isa = PBXFileReference; lastKnownFileType = sourcecode.c.objc; path = bitcoinPaperWalletTests.m; sourceTree = "<group>"; };
		E901CB181BCA30E0001ACC70 /* Info.plist */ = {isa = PBXFileReference; lastKnownFileType = text.plist.xml; path = Info.plist; sourceTree = "<group>"; };
		E901CB1D1BCA30E0001ACC70 /* bitcoinPaperWalletUITests.xctest */ = {isa = PBXFileReference; explicitFileType = wrapper.cfbundle; includeInIndex = 0; path = bitcoinPaperWalletUITests.xctest; sourceTree = BUILT_PRODUCTS_DIR; };
		E901CB211BCA30E0001ACC70 /* bitcoinPaperWalletUITests.m */ = {isa = PBXFileReference; lastKnownFileType = sourcecode.c.objc; path = bitcoinPaperWalletUITests.m; sourceTree = "<group>"; };
		E901CB231BCA30E0001ACC70 /* Info.plist */ = {isa = PBXFileReference; lastKnownFileType = text.plist.xml; path = Info.plist; sourceTree = "<group>"; };
		E901CB2F1BCA36A3001ACC70 /* UIImage+MDQRCode.h */ = {isa = PBXFileReference; fileEncoding = 4; lastKnownFileType = sourcecode.c.h; path = "UIImage+MDQRCode.h"; sourceTree = "<group>"; };
		E901CB301BCA36A3001ACC70 /* UIImage+MDQRCode.m */ = {isa = PBXFileReference; fileEncoding = 4; lastKnownFileType = sourcecode.c.objc; path = "UIImage+MDQRCode.m"; sourceTree = "<group>"; };
		E901CB321BCA373A001ACC70 /* libqrencode */ = {isa = PBXFileReference; lastKnownFileType = folder; path = libqrencode; sourceTree = "<group>"; };
		E901CB491BCA3D2D001ACC70 /* bitstream.c */ = {isa = PBXFileReference; lastKnownFileType = sourcecode.c.c; name = bitstream.c; path = libqrencode/bitstream.c; sourceTree = "<group>"; };
		E901CB4A1BCA3D2D001ACC70 /* mask.c */ = {isa = PBXFileReference; lastKnownFileType = sourcecode.c.c; name = mask.c; path = libqrencode/mask.c; sourceTree = "<group>"; };
		E901CB4B1BCA3D2D001ACC70 /* qrencode.c */ = {isa = PBXFileReference; lastKnownFileType = sourcecode.c.c; name = qrencode.c; path = libqrencode/qrencode.c; sourceTree = "<group>"; };
		E901CB4C1BCA3D2D001ACC70 /* qrinput.c */ = {isa = PBXFileReference; lastKnownFileType = sourcecode.c.c; name = qrinput.c; path = libqrencode/qrinput.c; sourceTree = "<group>"; };
		E901CB4D1BCA3D2D001ACC70 /* qrspec.c */ = {isa = PBXFileReference; lastKnownFileType = sourcecode.c.c; name = qrspec.c; path = libqrencode/qrspec.c; sourceTree = "<group>"; };
		E901CB4E1BCA3D2D001ACC70 /* rscode.c */ = {isa = PBXFileReference; lastKnownFileType = sourcecode.c.c; name = rscode.c; path = libqrencode/rscode.c; sourceTree = "<group>"; };
		E901CB4F1BCA3D2D001ACC70 /* split.c */ = {isa = PBXFileReference; lastKnownFileType = sourcecode.c.c; name = split.c; path = libqrencode/split.c; sourceTree = "<group>"; };
		F333307D63DB694ED60A7CC0 /* libPods.a */ = {isa = PBXFileReference; explicitFileType = archive.ar; includeInIndex = 0; path = libPods.a; sourceTree = BUILT_PRODUCTS_DIR; };
/* End PBXFileReference section */

/* Begin PBXFrameworksBuildPhase section */
		E901CAF31BCA30DF001ACC70 /* Frameworks */ = {
			isa = PBXFrameworksBuildPhase;
			buildActionMask = 2147483647;
			files = (
				B4A0F12291A6197B633F6616 /* libPods.a in Frameworks */,
			);
			runOnlyForDeploymentPostprocessing = 0;
		};
		E901CB0F1BCA30E0001ACC70 /* Frameworks */ = {
			isa = PBXFrameworksBuildPhase;
			buildActionMask = 2147483647;
			files = (
			);
			runOnlyForDeploymentPostprocessing = 0;
		};
		E901CB1A1BCA30E0001ACC70 /* Frameworks */ = {
			isa = PBXFrameworksBuildPhase;
			buildActionMask = 2147483647;
			files = (
			);
			runOnlyForDeploymentPostprocessing = 0;
		};
/* End PBXFrameworksBuildPhase section */

/* Begin PBXGroup section */
		149C01200EC42E78696FBEF6 /* Pods */ = {
			isa = PBXGroup;
			children = (
				D50427E3B5B6A0AE52950832 /* Pods.debug.xcconfig */,
				A087B2CFC0AD8E0D9422FAAE /* Pods.release.xcconfig */,
			);
			name = Pods;
			sourceTree = "<group>";
		};
		B21166E0897769696ACF4AC8 /* Frameworks */ = {
			isa = PBXGroup;
			children = (
				F333307D63DB694ED60A7CC0 /* libPods.a */,
			);
			name = Frameworks;
			sourceTree = "<group>";
		};
		E901CAED1BCA30DF001ACC70 = {
			isa = PBXGroup;
			children = (
				E901CAF81BCA30DF001ACC70 /* bitcoinPaperWallet */,
				E901CB151BCA30E0001ACC70 /* bitcoinPaperWalletTests */,
				E901CB201BCA30E0001ACC70 /* bitcoinPaperWalletUITests */,
				E901CAF71BCA30DF001ACC70 /* Products */,
				149C01200EC42E78696FBEF6 /* Pods */,
				B21166E0897769696ACF4AC8 /* Frameworks */,
			);
			sourceTree = "<group>";
		};
		E901CAF71BCA30DF001ACC70 /* Products */ = {
			isa = PBXGroup;
			children = (
				E901CAF61BCA30DF001ACC70 /* bitcoinPaperWallet.app */,
				E901CB121BCA30E0001ACC70 /* bitcoinPaperWalletTests.xctest */,
				E901CB1D1BCA30E0001ACC70 /* bitcoinPaperWalletUITests.xctest */,
			);
			name = Products;
			sourceTree = "<group>";
		};
		E901CAF81BCA30DF001ACC70 /* bitcoinPaperWallet */ = {
			isa = PBXGroup;
			children = (
				E901CAFC1BCA30DF001ACC70 /* AppDelegate.h */,
				E901CAFD1BCA30DF001ACC70 /* AppDelegate.m */,
				E901CAFF1BCA30DF001ACC70 /* ViewController.h */,
				E901CB001BCA30DF001ACC70 /* ViewController.m */,
				E901CB2F1BCA36A3001ACC70 /* UIImage+MDQRCode.h */,
				E901CB301BCA36A3001ACC70 /* UIImage+MDQRCode.m */,
				E901CB021BCA30DF001ACC70 /* Main.storyboard */,
				E901CB081BCA30DF001ACC70 /* Assets.xcassets */,
				E901CB0A1BCA30DF001ACC70 /* LaunchScreen.storyboard */,
				E901CB0D1BCA30DF001ACC70 /* Info.plist */,
				E901CB051BCA30DF001ACC70 /* bitcoinPaperWallet.xcdatamodeld */,
				E901CAF91BCA30DF001ACC70 /* Supporting Files */,
			);
			path = bitcoinPaperWallet;
			sourceTree = "<group>";
		};
		E901CAF91BCA30DF001ACC70 /* Supporting Files */ = {
			isa = PBXGroup;
			children = (
				E901CB491BCA3D2D001ACC70 /* bitstream.c */,
				E901CB4A1BCA3D2D001ACC70 /* mask.c */,
				E901CB4B1BCA3D2D001ACC70 /* qrencode.c */,
				E901CB4C1BCA3D2D001ACC70 /* qrinput.c */,
				E901CB4D1BCA3D2D001ACC70 /* qrspec.c */,
				E901CB4E1BCA3D2D001ACC70 /* rscode.c */,
				E901CB4F1BCA3D2D001ACC70 /* split.c */,
				E901CB321BCA373A001ACC70 /* libqrencode */,
				E901CAFA1BCA30DF001ACC70 /* main.m */,
			);
			name = "Supporting Files";
			sourceTree = "<group>";
		};
		E901CB151BCA30E0001ACC70 /* bitcoinPaperWalletTests */ = {
			isa = PBXGroup;
			children = (
				E901CB161BCA30E0001ACC70 /* bitcoinPaperWalletTests.m */,
				E901CB181BCA30E0001ACC70 /* Info.plist */,
			);
			path = bitcoinPaperWalletTests;
			sourceTree = "<group>";
		};
		E901CB201BCA30E0001ACC70 /* bitcoinPaperWalletUITests */ = {
			isa = PBXGroup;
			children = (
				E901CB211BCA30E0001ACC70 /* bitcoinPaperWalletUITests.m */,
				E901CB231BCA30E0001ACC70 /* Info.plist */,
			);
			path = bitcoinPaperWalletUITests;
			sourceTree = "<group>";
		};
/* End PBXGroup section */

/* Begin PBXNativeTarget section */
		E901CAF51BCA30DF001ACC70 /* bitcoinPaperWallet */ = {
			isa = PBXNativeTarget;
			buildConfigurationList = E901CB261BCA30E0001ACC70 /* Build configuration list for PBXNativeTarget "bitcoinPaperWallet" */;
			buildPhases = (
				CD84E4E373ACA70FB06ED8B1 /* Check Pods Manifest.lock */,
				E901CAF21BCA30DF001ACC70 /* Sources */,
				E901CAF31BCA30DF001ACC70 /* Frameworks */,
				E901CAF41BCA30DF001ACC70 /* Resources */,
				7AEB51D8C83D34E90DDC3311 /* Copy Pods Resources */,
			);
			buildRules = (
			);
			dependencies = (
			);
			name = bitcoinPaperWallet;
			productName = bitcoinPaperWallet;
			productReference = E901CAF61BCA30DF001ACC70 /* bitcoinPaperWallet.app */;
			productType = "com.apple.product-type.application";
		};
		E901CB111BCA30E0001ACC70 /* bitcoinPaperWalletTests */ = {
			isa = PBXNativeTarget;
			buildConfigurationList = E901CB291BCA30E0001ACC70 /* Build configuration list for PBXNativeTarget "bitcoinPaperWalletTests" */;
			buildPhases = (
				E901CB0E1BCA30E0001ACC70 /* Sources */,
				E901CB0F1BCA30E0001ACC70 /* Frameworks */,
				E901CB101BCA30E0001ACC70 /* Resources */,
			);
			buildRules = (
			);
			dependencies = (
				E901CB141BCA30E0001ACC70 /* PBXTargetDependency */,
			);
			name = bitcoinPaperWalletTests;
			productName = bitcoinPaperWalletTests;
			productReference = E901CB121BCA30E0001ACC70 /* bitcoinPaperWalletTests.xctest */;
			productType = "com.apple.product-type.bundle.unit-test";
		};
		E901CB1C1BCA30E0001ACC70 /* bitcoinPaperWalletUITests */ = {
			isa = PBXNativeTarget;
			buildConfigurationList = E901CB2C1BCA30E0001ACC70 /* Build configuration list for PBXNativeTarget "bitcoinPaperWalletUITests" */;
			buildPhases = (
				E901CB191BCA30E0001ACC70 /* Sources */,
				E901CB1A1BCA30E0001ACC70 /* Frameworks */,
				E901CB1B1BCA30E0001ACC70 /* Resources */,
			);
			buildRules = (
			);
			dependencies = (
				E901CB1F1BCA30E0001ACC70 /* PBXTargetDependency */,
			);
			name = bitcoinPaperWalletUITests;
			productName = bitcoinPaperWalletUITests;
			productReference = E901CB1D1BCA30E0001ACC70 /* bitcoinPaperWalletUITests.xctest */;
			productType = "com.apple.product-type.bundle.ui-testing";
		};
/* End PBXNativeTarget section */

/* Begin PBXProject section */
		E901CAEE1BCA30DF001ACC70 /* Project object */ = {
			isa = PBXProject;
			attributes = {
				LastUpgradeCheck = 0700;
				ORGANIZATIONNAME = "Kiara Robles";
				TargetAttributes = {
					E901CAF51BCA30DF001ACC70 = {
						CreatedOnToolsVersion = 7.0.1;
						DevelopmentTeam = K5325KADLR;
					};
					E901CB111BCA30E0001ACC70 = {
						CreatedOnToolsVersion = 7.0.1;
						TestTargetID = E901CAF51BCA30DF001ACC70;
					};
					E901CB1C1BCA30E0001ACC70 = {
						CreatedOnToolsVersion = 7.0.1;
						TestTargetID = E901CAF51BCA30DF001ACC70;
					};
				};
			};
			buildConfigurationList = E901CAF11BCA30DF001ACC70 /* Build configuration list for PBXProject "bitcoinPaperWallet" */;
			compatibilityVersion = "Xcode 3.2";
			developmentRegion = English;
			hasScannedForEncodings = 0;
			knownRegions = (
				en,
				Base,
			);
			mainGroup = E901CAED1BCA30DF001ACC70;
			productRefGroup = E901CAF71BCA30DF001ACC70 /* Products */;
			projectDirPath = "";
			projectRoot = "";
			targets = (
				E901CAF51BCA30DF001ACC70 /* bitcoinPaperWallet */,
				E901CB111BCA30E0001ACC70 /* bitcoinPaperWalletTests */,
				E901CB1C1BCA30E0001ACC70 /* bitcoinPaperWalletUITests */,
			);
		};
/* End PBXProject section */

/* Begin PBXResourcesBuildPhase section */
		E901CAF41BCA30DF001ACC70 /* Resources */ = {
			isa = PBXResourcesBuildPhase;
			buildActionMask = 2147483647;
			files = (
				E901CB041BCA30DF001ACC70 /* Main.storyboard in Resources */,
				E901CB0C1BCA30DF001ACC70 /* LaunchScreen.storyboard in Resources */,
				E901CB091BCA30DF001ACC70 /* Assets.xcassets in Resources */,
			);
			runOnlyForDeploymentPostprocessing = 0;
		};
		E901CB101BCA30E0001ACC70 /* Resources */ = {
			isa = PBXResourcesBuildPhase;
			buildActionMask = 2147483647;
			files = (
			);
			runOnlyForDeploymentPostprocessing = 0;
		};
		E901CB1B1BCA30E0001ACC70 /* Resources */ = {
			isa = PBXResourcesBuildPhase;
			buildActionMask = 2147483647;
			files = (
			);
			runOnlyForDeploymentPostprocessing = 0;
		};
/* End PBXResourcesBuildPhase section */

/* Begin PBXShellScriptBuildPhase section */
		7AEB51D8C83D34E90DDC3311 /* Copy Pods Resources */ = {
			isa = PBXShellScriptBuildPhase;
			buildActionMask = 2147483647;
			files = (
			);
			inputPaths = (
			);
			name = "Copy Pods Resources";
			outputPaths = (
			);
			runOnlyForDeploymentPostprocessing = 0;
			shellPath = /bin/sh;
			shellScript = "\"${SRCROOT}/Pods/Target Support Files/Pods/Pods-resources.sh\"\n";
			showEnvVarsInLog = 0;
		};
		CD84E4E373ACA70FB06ED8B1 /* Check Pods Manifest.lock */ = {
			isa = PBXShellScriptBuildPhase;
			buildActionMask = 2147483647;
			files = (
			);
			inputPaths = (
			);
			name = "Check Pods Manifest.lock";
			outputPaths = (
			);
			runOnlyForDeploymentPostprocessing = 0;
			shellPath = /bin/sh;
			shellScript = "diff \"${PODS_ROOT}/../Podfile.lock\" \"${PODS_ROOT}/Manifest.lock\" > /dev/null\nif [[ $? != 0 ]] ; then\n    cat << EOM\nerror: The sandbox is not in sync with the Podfile.lock. Run 'pod install' or update your CocoaPods installation.\nEOM\n    exit 1\nfi\n";
			showEnvVarsInLog = 0;
		};
/* End PBXShellScriptBuildPhase section */

/* Begin PBXSourcesBuildPhase section */
		E901CAF21BCA30DF001ACC70 /* Sources */ = {
			isa = PBXSourcesBuildPhase;
			buildActionMask = 2147483647;
			files = (
				E901CB501BCA3D2D001ACC70 /* bitstream.c in Sources */,
				E901CB511BCA3D2D001ACC70 /* mask.c in Sources */,
				E901CB521BCA3D2D001ACC70 /* qrencode.c in Sources */,
				E901CB531BCA3D2D001ACC70 /* qrinput.c in Sources */,
				E901CB541BCA3D2D001ACC70 /* qrspec.c in Sources */,
				E901CB551BCA3D2D001ACC70 /* rscode.c in Sources */,
				E901CB561BCA3D2D001ACC70 /* split.c in Sources */,
				E901CB311BCA36A3001ACC70 /* UIImage+MDQRCode.m in Sources */,
				E901CB011BCA30DF001ACC70 /* ViewController.m in Sources */,
				E901CAFE1BCA30DF001ACC70 /* AppDelegate.m in Sources */,
				E901CAFB1BCA30DF001ACC70 /* main.m in Sources */,
				E901CB071BCA30DF001ACC70 /* bitcoinPaperWallet.xcdatamodeld in Sources */,
			);
			runOnlyForDeploymentPostprocessing = 0;
		};
		E901CB0E1BCA30E0001ACC70 /* Sources */ = {
			isa = PBXSourcesBuildPhase;
			buildActionMask = 2147483647;
			files = (
				E901CB171BCA30E0001ACC70 /* bitcoinPaperWalletTests.m in Sources */,
			);
			runOnlyForDeploymentPostprocessing = 0;
		};
		E901CB191BCA30E0001ACC70 /* Sources */ = {
			isa = PBXSourcesBuildPhase;
			buildActionMask = 2147483647;
			files = (
				E901CB221BCA30E0001ACC70 /* bitcoinPaperWalletUITests.m in Sources */,
			);
			runOnlyForDeploymentPostprocessing = 0;
		};
/* End PBXSourcesBuildPhase section */

/* Begin PBXTargetDependency section */
		E901CB141BCA30E0001ACC70 /* PBXTargetDependency */ = {
			isa = PBXTargetDependency;
			target = E901CAF51BCA30DF001ACC70 /* bitcoinPaperWallet */;
			targetProxy = E901CB131BCA30E0001ACC70 /* PBXContainerItemProxy */;
		};
		E901CB1F1BCA30E0001ACC70 /* PBXTargetDependency */ = {
			isa = PBXTargetDependency;
			target = E901CAF51BCA30DF001ACC70 /* bitcoinPaperWallet */;
			targetProxy = E901CB1E1BCA30E0001ACC70 /* PBXContainerItemProxy */;
		};
/* End PBXTargetDependency section */

/* Begin PBXVariantGroup section */
		E901CB021BCA30DF001ACC70 /* Main.storyboard */ = {
			isa = PBXVariantGroup;
			children = (
				E901CB031BCA30DF001ACC70 /* Base */,
			);
			name = Main.storyboard;
			sourceTree = "<group>";
		};
		E901CB0A1BCA30DF001ACC70 /* LaunchScreen.storyboard */ = {
			isa = PBXVariantGroup;
			children = (
				E901CB0B1BCA30DF001ACC70 /* Base */,
			);
			name = LaunchScreen.storyboard;
			sourceTree = "<group>";
		};
/* End PBXVariantGroup section */

/* Begin XCBuildConfiguration section */
		E901CB241BCA30E0001ACC70 /* Debug */ = {
			isa = XCBuildConfiguration;
			buildSettings = {
				ALWAYS_SEARCH_USER_PATHS = NO;
				CLANG_CXX_LANGUAGE_STANDARD = "gnu++0x";
				CLANG_CXX_LIBRARY = "libc++";
				CLANG_ENABLE_MODULES = YES;
				CLANG_ENABLE_OBJC_ARC = YES;
				CLANG_WARN_BOOL_CONVERSION = YES;
				CLANG_WARN_CONSTANT_CONVERSION = YES;
				CLANG_WARN_DIRECT_OBJC_ISA_USAGE = YES_ERROR;
				CLANG_WARN_EMPTY_BODY = YES;
				CLANG_WARN_ENUM_CONVERSION = YES;
				CLANG_WARN_INT_CONVERSION = YES;
				CLANG_WARN_OBJC_ROOT_CLASS = YES_ERROR;
				CLANG_WARN_UNREACHABLE_CODE = YES;
				CLANG_WARN__DUPLICATE_METHOD_MATCH = YES;
				"CODE_SIGN_IDENTITY[sdk=iphoneos*]" = "iPhone Developer";
				COPY_PHASE_STRIP = NO;
				DEBUG_INFORMATION_FORMAT = dwarf;
				ENABLE_STRICT_OBJC_MSGSEND = YES;
				ENABLE_TESTABILITY = YES;
				GCC_C_LANGUAGE_STANDARD = gnu99;
				GCC_DYNAMIC_NO_PIC = NO;
				GCC_NO_COMMON_BLOCKS = YES;
				GCC_OPTIMIZATION_LEVEL = 0;
				GCC_PREPROCESSOR_DEFINITIONS = (
					"DEBUG=1",
					"$(inherited)",
				);
				GCC_WARN_64_TO_32_BIT_CONVERSION = YES;
				GCC_WARN_ABOUT_RETURN_TYPE = YES_ERROR;
				GCC_WARN_UNDECLARED_SELECTOR = YES;
				GCC_WARN_UNINITIALIZED_AUTOS = YES_AGGRESSIVE;
				GCC_WARN_UNUSED_FUNCTION = YES;
				GCC_WARN_UNUSED_VARIABLE = YES;
				IPHONEOS_DEPLOYMENT_TARGET = 9.0;
				MTL_ENABLE_DEBUG_INFO = YES;
				ONLY_ACTIVE_ARCH = YES;
				SDKROOT = iphoneos;
			};
			name = Debug;
		};
		E901CB251BCA30E0001ACC70 /* Release */ = {
			isa = XCBuildConfiguration;
			buildSettings = {
				ALWAYS_SEARCH_USER_PATHS = NO;
				CLANG_CXX_LANGUAGE_STANDARD = "gnu++0x";
				CLANG_CXX_LIBRARY = "libc++";
				CLANG_ENABLE_MODULES = YES;
				CLANG_ENABLE_OBJC_ARC = YES;
				CLANG_WARN_BOOL_CONVERSION = YES;
				CLANG_WARN_CONSTANT_CONVERSION = YES;
				CLANG_WARN_DIRECT_OBJC_ISA_USAGE = YES_ERROR;
				CLANG_WARN_EMPTY_BODY = YES;
				CLANG_WARN_ENUM_CONVERSION = YES;
				CLANG_WARN_INT_CONVERSION = YES;
				CLANG_WARN_OBJC_ROOT_CLASS = YES_ERROR;
				CLANG_WARN_UNREACHABLE_CODE = YES;
				CLANG_WARN__DUPLICATE_METHOD_MATCH = YES;
				"CODE_SIGN_IDENTITY[sdk=iphoneos*]" = "iPhone Developer";
				COPY_PHASE_STRIP = NO;
				DEBUG_INFORMATION_FORMAT = "dwarf-with-dsym";
				ENABLE_NS_ASSERTIONS = NO;
				ENABLE_STRICT_OBJC_MSGSEND = YES;
				GCC_C_LANGUAGE_STANDARD = gnu99;
				GCC_NO_COMMON_BLOCKS = YES;
				GCC_WARN_64_TO_32_BIT_CONVERSION = YES;
				GCC_WARN_ABOUT_RETURN_TYPE = YES_ERROR;
				GCC_WARN_UNDECLARED_SELECTOR = YES;
				GCC_WARN_UNINITIALIZED_AUTOS = YES_AGGRESSIVE;
				GCC_WARN_UNUSED_FUNCTION = YES;
				GCC_WARN_UNUSED_VARIABLE = YES;
				IPHONEOS_DEPLOYMENT_TARGET = 9.0;
				MTL_ENABLE_DEBUG_INFO = NO;
				SDKROOT = iphoneos;
				VALIDATE_PRODUCT = YES;
			};
			name = Release;
		};
		E901CB271BCA30E0001ACC70 /* Debug */ = {
			isa = XCBuildConfiguration;
			baseConfigurationReference = D50427E3B5B6A0AE52950832 /* Pods.debug.xcconfig */;
			buildSettings = {
				ASSETCATALOG_COMPILER_APPICON_NAME = AppIcon;
				CODE_SIGN_IDENTITY = "iPhone Developer";
				"CODE_SIGN_IDENTITY[sdk=iphoneos*]" = "iPhone Developer";
				INFOPLIST_FILE = bitcoinPaperWallet/Info.plist;
				LD_RUNPATH_SEARCH_PATHS = "$(inherited) @executable_path/Frameworks";
				PRODUCT_BUNDLE_IDENTIFIER = KiaraRobles.bitcoinPaperWallet;
				PRODUCT_NAME = "$(TARGET_NAME)";
				PROVISIONING_PROFILE = "";
			};
			name = Debug;
		};
		E901CB281BCA30E0001ACC70 /* Release */ = {
			isa = XCBuildConfiguration;
			baseConfigurationReference = A087B2CFC0AD8E0D9422FAAE /* Pods.release.xcconfig */;
			buildSettings = {
				ASSETCATALOG_COMPILER_APPICON_NAME = AppIcon;
				CODE_SIGN_IDENTITY = "iPhone Developer";
				"CODE_SIGN_IDENTITY[sdk=iphoneos*]" = "iPhone Developer";
				INFOPLIST_FILE = bitcoinPaperWallet/Info.plist;
				LD_RUNPATH_SEARCH_PATHS = "$(inherited) @executable_path/Frameworks";
				PRODUCT_BUNDLE_IDENTIFIER = KiaraRobles.bitcoinPaperWallet;
				PRODUCT_NAME = "$(TARGET_NAME)";
				PROVISIONING_PROFILE = "";
			};
			name = Release;
		};
		E901CB2A1BCA30E0001ACC70 /* Debug */ = {
			isa = XCBuildConfiguration;
			buildSettings = {
				BUNDLE_LOADER = "$(TEST_HOST)";
				INFOPLIST_FILE = bitcoinPaperWalletTests/Info.plist;
				LD_RUNPATH_SEARCH_PATHS = "$(inherited) @executable_path/Frameworks @loader_path/Frameworks";
				PRODUCT_BUNDLE_IDENTIFIER = KiaraRobles.bitcoinPaperWalletTests;
				PRODUCT_NAME = "$(TARGET_NAME)";
				TEST_HOST = "$(BUILT_PRODUCTS_DIR)/bitcoinPaperWallet.app/bitcoinPaperWallet";
			};
			name = Debug;
		};
		E901CB2B1BCA30E0001ACC70 /* Release */ = {
			isa = XCBuildConfiguration;
			buildSettings = {
				BUNDLE_LOADER = "$(TEST_HOST)";
				INFOPLIST_FILE = bitcoinPaperWalletTests/Info.plist;
				LD_RUNPATH_SEARCH_PATHS = "$(inherited) @executable_path/Frameworks @loader_path/Frameworks";
				PRODUCT_BUNDLE_IDENTIFIER = KiaraRobles.bitcoinPaperWalletTests;
				PRODUCT_NAME = "$(TARGET_NAME)";
				TEST_HOST = "$(BUILT_PRODUCTS_DIR)/bitcoinPaperWallet.app/bitcoinPaperWallet";
			};
			name = Release;
		};
		E901CB2D1BCA30E0001ACC70 /* Debug */ = {
			isa = XCBuildConfiguration;
			buildSettings = {
				INFOPLIST_FILE = bitcoinPaperWalletUITests/Info.plist;
				LD_RUNPATH_SEARCH_PATHS = "$(inherited) @executable_path/Frameworks @loader_path/Frameworks";
				PRODUCT_BUNDLE_IDENTIFIER = KiaraRobles.bitcoinPaperWalletUITests;
				PRODUCT_NAME = "$(TARGET_NAME)";
				TEST_TARGET_NAME = bitcoinPaperWallet;
				USES_XCTRUNNER = YES;
			};
			name = Debug;
		};
		E901CB2E1BCA30E0001ACC70 /* Release */ = {
			isa = XCBuildConfiguration;
			buildSettings = {
				INFOPLIST_FILE = bitcoinPaperWalletUITests/Info.plist;
				LD_RUNPATH_SEARCH_PATHS = "$(inherited) @executable_path/Frameworks @loader_path/Frameworks";
				PRODUCT_BUNDLE_IDENTIFIER = KiaraRobles.bitcoinPaperWalletUITests;
				PRODUCT_NAME = "$(TARGET_NAME)";
				TEST_TARGET_NAME = bitcoinPaperWallet;
				USES_XCTRUNNER = YES;
			};
			name = Release;
		};
/* End XCBuildConfiguration section */

/* Begin XCConfigurationList section */
		E901CAF11BCA30DF001ACC70 /* Build configuration list for PBXProject "bitcoinPaperWallet" */ = {
			isa = XCConfigurationList;
			buildConfigurations = (
				E901CB241BCA30E0001ACC70 /* Debug */,
				E901CB251BCA30E0001ACC70 /* Release */,
			);
			defaultConfigurationIsVisible = 0;
			defaultConfigurationName = Release;
		};
		E901CB261BCA30E0001ACC70 /* Build configuration list for PBXNativeTarget "bitcoinPaperWallet" */ = {
			isa = XCConfigurationList;
			buildConfigurations = (
				E901CB271BCA30E0001ACC70 /* Debug */,
				E901CB281BCA30E0001ACC70 /* Release */,
			);
			defaultConfigurationIsVisible = 0;
			defaultConfigurationName = Release;
		};
		E901CB291BCA30E0001ACC70 /* Build configuration list for PBXNativeTarget "bitcoinPaperWalletTests" */ = {
			isa = XCConfigurationList;
			buildConfigurations = (
				E901CB2A1BCA30E0001ACC70 /* Debug */,
				E901CB2B1BCA30E0001ACC70 /* Release */,
			);
			defaultConfigurationIsVisible = 0;
			defaultConfigurationName = Release;
		};
		E901CB2C1BCA30E0001ACC70 /* Build configuration list for PBXNativeTarget "bitcoinPaperWalletUITests" */ = {
			isa = XCConfigurationList;
			buildConfigurations = (
				E901CB2D1BCA30E0001ACC70 /* Debug */,
				E901CB2E1BCA30E0001ACC70 /* Release */,
			);
			defaultConfigurationIsVisible = 0;
			defaultConfigurationName = Release;
		};
/* End XCConfigurationList section */

/* Begin XCVersionGroup section */
		E901CB051BCA30DF001ACC70 /* bitcoinPaperWallet.xcdatamodeld */ = {
			isa = XCVersionGroup;
			children = (
				E901CB061BCA30DF001ACC70 /* bitcoinPaperWallet.xcdatamodel */,
			);
			currentVersion = E901CB061BCA30DF001ACC70 /* bitcoinPaperWallet.xcdatamodel */;
			path = bitcoinPaperWallet.xcdatamodeld;
			sourceTree = "<group>";
			versionGroupType = wrapper.xcdatamodel;
		};
/* End XCVersionGroup section */
	};
	rootObject = E901CAEE1BCA30DF001ACC70 /* Project object */;
}
